// !$*UTF8*$!
{
	archiveVersion = 1;
	classes = {
	};
	objectVersion = 50;
	objects = {

/* Begin PBXBuildFile section */
		370D194525800A00000FAA08 /* PrimaryButtonStyle.swift in Sources */ = {isa = PBXBuildFile; fileRef = 370D194425800A00000FAA08 /* PrimaryButtonStyle.swift */; };
		370D195225802FD0000FAA08 /* TimerLength.swift in Sources */ = {isa = PBXBuildFile; fileRef = 370D195125802FD0000FAA08 /* TimerLength.swift */; };
		3732B7D12584102A00F72F79 /* OnboardingView.swift in Sources */ = {isa = PBXBuildFile; fileRef = 3732B7D02584102A00F72F79 /* OnboardingView.swift */; };
		3732B7D42584158C00F72F79 /* FeatureCell.swift in Sources */ = {isa = PBXBuildFile; fileRef = 3732B7D32584158C00F72F79 /* FeatureCell.swift */; };
		374A674025791BAA00F56C72 /* FlipTimerApp.swift in Sources */ = {isa = PBXBuildFile; fileRef = 374A673F25791BAA00F56C72 /* FlipTimerApp.swift */; };
		374A674225791BAA00F56C72 /* TimerView.swift in Sources */ = {isa = PBXBuildFile; fileRef = 374A674125791BAA00F56C72 /* TimerView.swift */; };
		374A674425791BAB00F56C72 /* Assets.xcassets in Resources */ = {isa = PBXBuildFile; fileRef = 374A674325791BAB00F56C72 /* Assets.xcassets */; };
		374A674725791BAB00F56C72 /* Preview Assets.xcassets in Resources */ = {isa = PBXBuildFile; fileRef = 374A674625791BAB00F56C72 /* Preview Assets.xcassets */; };
		3783EA59257991470058C69E /* SettingsView.swift in Sources */ = {isa = PBXBuildFile; fileRef = 3783EA58257991470058C69E /* SettingsView.swift */; };
		37A33CBA257C19A2003F2B96 /* TimerMode.swift in Sources */ = {isa = PBXBuildFile; fileRef = 37A33CB9257C19A2003F2B96 /* TimerMode.swift */; };
		37ACBD9F25842D0000AD7702 /* ContentView.swift in Sources */ = {isa = PBXBuildFile; fileRef = 37ACBD9E25842D0000AD7702 /* ContentView.swift */; };
		37BC0AB9257ABE5900238884 /* TimerViewModel.swift in Sources */ = {isa = PBXBuildFile; fileRef = 37BC0AB8257ABE5900238884 /* TimerViewModel.swift */; };
		37C155702581353B000349BA /* SettingsViewModel.swift in Sources */ = {isa = PBXBuildFile; fileRef = 37C1556F2581353B000349BA /* SettingsViewModel.swift */; };
/* End PBXBuildFile section */

/* Begin PBXFileReference section */
		370D194425800A00000FAA08 /* PrimaryButtonStyle.swift */ = {isa = PBXFileReference; lastKnownFileType = sourcecode.swift; path = PrimaryButtonStyle.swift; sourceTree = "<group>"; };
		370D195125802FD0000FAA08 /* TimerLength.swift */ = {isa = PBXFileReference; lastKnownFileType = sourcecode.swift; path = TimerLength.swift; sourceTree = "<group>"; };
		3732B7D02584102A00F72F79 /* OnboardingView.swift */ = {isa = PBXFileReference; lastKnownFileType = sourcecode.swift; path = OnboardingView.swift; sourceTree = "<group>"; };
		3732B7D32584158C00F72F79 /* FeatureCell.swift */ = {isa = PBXFileReference; lastKnownFileType = sourcecode.swift; path = FeatureCell.swift; sourceTree = "<group>"; };
		374A673C25791BAA00F56C72 /* FlipTimer.app */ = {isa = PBXFileReference; explicitFileType = wrapper.application; includeInIndex = 0; path = FlipTimer.app; sourceTree = BUILT_PRODUCTS_DIR; };
		374A673F25791BAA00F56C72 /* FlipTimerApp.swift */ = {isa = PBXFileReference; lastKnownFileType = sourcecode.swift; path = FlipTimerApp.swift; sourceTree = "<group>"; };
		374A674125791BAA00F56C72 /* TimerView.swift */ = {isa = PBXFileReference; lastKnownFileType = sourcecode.swift; path = TimerView.swift; sourceTree = "<group>"; };
		374A674325791BAB00F56C72 /* Assets.xcassets */ = {isa = PBXFileReference; lastKnownFileType = folder.assetcatalog; path = Assets.xcassets; sourceTree = "<group>"; };
		374A674625791BAB00F56C72 /* Preview Assets.xcassets */ = {isa = PBXFileReference; lastKnownFileType = folder.assetcatalog; path = "Preview Assets.xcassets"; sourceTree = "<group>"; };
		374A674825791BAB00F56C72 /* Info.plist */ = {isa = PBXFileReference; lastKnownFileType = text.plist.xml; path = Info.plist; sourceTree = "<group>"; };
		3783EA58257991470058C69E /* SettingsView.swift */ = {isa = PBXFileReference; lastKnownFileType = sourcecode.swift; path = SettingsView.swift; sourceTree = "<group>"; };
		37A33CB9257C19A2003F2B96 /* TimerMode.swift */ = {isa = PBXFileReference; lastKnownFileType = sourcecode.swift; path = TimerMode.swift; sourceTree = "<group>"; };
		37ACBD9E25842D0000AD7702 /* ContentView.swift */ = {isa = PBXFileReference; lastKnownFileType = sourcecode.swift; path = ContentView.swift; sourceTree = "<group>"; };
		37BC0AB8257ABE5900238884 /* TimerViewModel.swift */ = {isa = PBXFileReference; lastKnownFileType = sourcecode.swift; path = TimerViewModel.swift; sourceTree = "<group>"; };
		37BEE116257ADD3F00F1F787 /* README.md */ = {isa = PBXFileReference; lastKnownFileType = net.daringfireball.markdown; path = README.md; sourceTree = "<group>"; };
		37C1556F2581353B000349BA /* SettingsViewModel.swift */ = {isa = PBXFileReference; lastKnownFileType = sourcecode.swift; path = SettingsViewModel.swift; sourceTree = "<group>"; };
/* End PBXFileReference section */

/* Begin PBXFrameworksBuildPhase section */
		374A673925791BAA00F56C72 /* Frameworks */ = {
			isa = PBXFrameworksBuildPhase;
			buildActionMask = 2147483647;
			files = (
			);
			runOnlyForDeploymentPostprocessing = 0;
		};
/* End PBXFrameworksBuildPhase section */

/* Begin PBXGroup section */
		37088869257AB46A0037C671 /* Views */ = {
			isa = PBXGroup;
			children = (
				374A674125791BAA00F56C72 /* TimerView.swift */,
				3783EA58257991470058C69E /* SettingsView.swift */,
				370D194425800A00000FAA08 /* PrimaryButtonStyle.swift */,
				3732B7D02584102A00F72F79 /* OnboardingView.swift */,
				3732B7D32584158C00F72F79 /* FeatureCell.swift */,
				37ACBD9E25842D0000AD7702 /* ContentView.swift */,
			);
			path = Views;
			sourceTree = "<group>";
		};
		374A673325791BAA00F56C72 = {
			isa = PBXGroup;
			children = (
				37BEE116257ADD3F00F1F787 /* README.md */,
				374A673E25791BAA00F56C72 /* FlipTimer */,
				374A673D25791BAA00F56C72 /* Products */,
			);
			sourceTree = "<group>";
		};
		374A673D25791BAA00F56C72 /* Products */ = {
			isa = PBXGroup;
			children = (
				374A673C25791BAA00F56C72 /* FlipTimer.app */,
			);
			name = Products;
			sourceTree = "<group>";
		};
		374A673E25791BAA00F56C72 /* FlipTimer */ = {
			isa = PBXGroup;
			children = (
				37A33CB8257C1999003F2B96 /* Models */,
				37BC0AB7257ABE4900238884 /* View Models */,
				37088869257AB46A0037C671 /* Views */,
				374A673F25791BAA00F56C72 /* FlipTimerApp.swift */,
				374A674325791BAB00F56C72 /* Assets.xcassets */,
				374A674825791BAB00F56C72 /* Info.plist */,
				374A674525791BAB00F56C72 /* Preview Content */,
			);
			path = FlipTimer;
			sourceTree = "<group>";
		};
		374A674525791BAB00F56C72 /* Preview Content */ = {
			isa = PBXGroup;
			children = (
				374A674625791BAB00F56C72 /* Preview Assets.xcassets */,
			);
			path = "Preview Content";
			sourceTree = "<group>";
		};
		37A33CB8257C1999003F2B96 /* Models */ = {
			isa = PBXGroup;
			children = (
				37A33CB9257C19A2003F2B96 /* TimerMode.swift */,
				370D195125802FD0000FAA08 /* TimerLength.swift */,
			);
			path = Models;
			sourceTree = "<group>";
		};
		37BC0AB7257ABE4900238884 /* View Models */ = {
			isa = PBXGroup;
			children = (
				37BC0AB8257ABE5900238884 /* TimerViewModel.swift */,
				37C1556F2581353B000349BA /* SettingsViewModel.swift */,
			);
			path = "View Models";
			sourceTree = "<group>";
		};
/* End PBXGroup section */

/* Begin PBXNativeTarget section */
		374A673B25791BAA00F56C72 /* FlipTimer */ = {
			isa = PBXNativeTarget;
			buildConfigurationList = 374A674B25791BAB00F56C72 /* Build configuration list for PBXNativeTarget "FlipTimer" */;
			buildPhases = (
				374A673825791BAA00F56C72 /* Sources */,
				374A673925791BAA00F56C72 /* Frameworks */,
				374A673A25791BAA00F56C72 /* Resources */,
			);
			buildRules = (
			);
			dependencies = (
			);
			name = FlipTimer;
			productName = FlipTimer;
			productReference = 374A673C25791BAA00F56C72 /* FlipTimer.app */;
			productType = "com.apple.product-type.application";
		};
/* End PBXNativeTarget section */

/* Begin PBXProject section */
		374A673425791BAA00F56C72 /* Project object */ = {
			isa = PBXProject;
			attributes = {
				LastSwiftUpdateCheck = 1220;
				LastUpgradeCheck = 1220;
				TargetAttributes = {
					374A673B25791BAA00F56C72 = {
						CreatedOnToolsVersion = 12.2;
					};
				};
			};
			buildConfigurationList = 374A673725791BAA00F56C72 /* Build configuration list for PBXProject "FlipTimer" */;
			compatibilityVersion = "Xcode 9.3";
			developmentRegion = en;
			hasScannedForEncodings = 0;
			knownRegions = (
				en,
				Base,
			);
			mainGroup = 374A673325791BAA00F56C72;
			productRefGroup = 374A673D25791BAA00F56C72 /* Products */;
			projectDirPath = "";
			projectRoot = "";
			targets = (
				374A673B25791BAA00F56C72 /* FlipTimer */,
			);
		};
/* End PBXProject section */

/* Begin PBXResourcesBuildPhase section */
		374A673A25791BAA00F56C72 /* Resources */ = {
			isa = PBXResourcesBuildPhase;
			buildActionMask = 2147483647;
			files = (
				374A674725791BAB00F56C72 /* Preview Assets.xcassets in Resources */,
				374A674425791BAB00F56C72 /* Assets.xcassets in Resources */,
			);
			runOnlyForDeploymentPostprocessing = 0;
		};
/* End PBXResourcesBuildPhase section */

/* Begin PBXSourcesBuildPhase section */
		374A673825791BAA00F56C72 /* Sources */ = {
			isa = PBXSourcesBuildPhase;
			buildActionMask = 2147483647;
			files = (
				370D194525800A00000FAA08 /* PrimaryButtonStyle.swift in Sources */,
				37ACBD9F25842D0000AD7702 /* ContentView.swift in Sources */,
				3783EA59257991470058C69E /* SettingsView.swift in Sources */,
				370D195225802FD0000FAA08 /* TimerLength.swift in Sources */,
				3732B7D12584102A00F72F79 /* OnboardingView.swift in Sources */,
				37BC0AB9257ABE5900238884 /* TimerViewModel.swift in Sources */,
				37A33CBA257C19A2003F2B96 /* TimerMode.swift in Sources */,
				374A674225791BAA00F56C72 /* TimerView.swift in Sources */,
				374A674025791BAA00F56C72 /* FlipTimerApp.swift in Sources */,
				3732B7D42584158C00F72F79 /* FeatureCell.swift in Sources */,
				37C155702581353B000349BA /* SettingsViewModel.swift in Sources */,
			);
			runOnlyForDeploymentPostprocessing = 0;
		};
/* End PBXSourcesBuildPhase section */

/* Begin XCBuildConfiguration section */
		374A674925791BAB00F56C72 /* Debug */ = {
			isa = XCBuildConfiguration;
			buildSettings = {
				ALWAYS_SEARCH_USER_PATHS = NO;
				CLANG_ANALYZER_NONNULL = YES;
				CLANG_ANALYZER_NUMBER_OBJECT_CONVERSION = YES_AGGRESSIVE;
				CLANG_CXX_LANGUAGE_STANDARD = "gnu++14";
				CLANG_CXX_LIBRARY = "libc++";
				CLANG_ENABLE_MODULES = YES;
				CLANG_ENABLE_OBJC_ARC = YES;
				CLANG_ENABLE_OBJC_WEAK = YES;
				CLANG_WARN_BLOCK_CAPTURE_AUTORELEASING = YES;
				CLANG_WARN_BOOL_CONVERSION = YES;
				CLANG_WARN_COMMA = YES;
				CLANG_WARN_CONSTANT_CONVERSION = YES;
				CLANG_WARN_DEPRECATED_OBJC_IMPLEMENTATIONS = YES;
				CLANG_WARN_DIRECT_OBJC_ISA_USAGE = YES_ERROR;
				CLANG_WARN_DOCUMENTATION_COMMENTS = YES;
				CLANG_WARN_EMPTY_BODY = YES;
				CLANG_WARN_ENUM_CONVERSION = YES;
				CLANG_WARN_INFINITE_RECURSION = YES;
				CLANG_WARN_INT_CONVERSION = YES;
				CLANG_WARN_NON_LITERAL_NULL_CONVERSION = YES;
				CLANG_WARN_OBJC_IMPLICIT_RETAIN_SELF = YES;
				CLANG_WARN_OBJC_LITERAL_CONVERSION = YES;
				CLANG_WARN_OBJC_ROOT_CLASS = YES_ERROR;
				CLANG_WARN_QUOTED_INCLUDE_IN_FRAMEWORK_HEADER = YES;
				CLANG_WARN_RANGE_LOOP_ANALYSIS = YES;
				CLANG_WARN_STRICT_PROTOTYPES = YES;
				CLANG_WARN_SUSPICIOUS_MOVE = YES;
				CLANG_WARN_UNGUARDED_AVAILABILITY = YES_AGGRESSIVE;
				CLANG_WARN_UNREACHABLE_CODE = YES;
				CLANG_WARN__DUPLICATE_METHOD_MATCH = YES;
				COPY_PHASE_STRIP = NO;
				DEBUG_INFORMATION_FORMAT = dwarf;
				ENABLE_STRICT_OBJC_MSGSEND = YES;
				ENABLE_TESTABILITY = YES;
				GCC_C_LANGUAGE_STANDARD = gnu11;
				GCC_DYNAMIC_NO_PIC = NO;
				GCC_NO_COMMON_BLOCKS = YES;
				GCC_OPTIMIZATION_LEVEL = 0;
				GCC_PREPROCESSOR_DEFINITIONS = (
					"DEBUG=1",
					"$(inherited)",
				);
				GCC_WARN_64_TO_32_BIT_CONVERSION = YES;
				GCC_WARN_ABOUT_RETURN_TYPE = YES_ERROR;
				GCC_WARN_UNDECLARED_SELECTOR = YES;
				GCC_WARN_UNINITIALIZED_AUTOS = YES_AGGRESSIVE;
				GCC_WARN_UNUSED_FUNCTION = YES;
				GCC_WARN_UNUSED_VARIABLE = YES;
				IPHONEOS_DEPLOYMENT_TARGET = 14.2;
				MTL_ENABLE_DEBUG_INFO = INCLUDE_SOURCE;
				MTL_FAST_MATH = YES;
				ONLY_ACTIVE_ARCH = YES;
				SDKROOT = iphoneos;
				SWIFT_ACTIVE_COMPILATION_CONDITIONS = DEBUG;
				SWIFT_OPTIMIZATION_LEVEL = "-Onone";
			};
			name = Debug;
		};
		374A674A25791BAB00F56C72 /* Release */ = {
			isa = XCBuildConfiguration;
			buildSettings = {
				ALWAYS_SEARCH_USER_PATHS = NO;
				CLANG_ANALYZER_NONNULL = YES;
				CLANG_ANALYZER_NUMBER_OBJECT_CONVERSION = YES_AGGRESSIVE;
				CLANG_CXX_LANGUAGE_STANDARD = "gnu++14";
				CLANG_CXX_LIBRARY = "libc++";
				CLANG_ENABLE_MODULES = YES;
				CLANG_ENABLE_OBJC_ARC = YES;
				CLANG_ENABLE_OBJC_WEAK = YES;
				CLANG_WARN_BLOCK_CAPTURE_AUTORELEASING = YES;
				CLANG_WARN_BOOL_CONVERSION = YES;
				CLANG_WARN_COMMA = YES;
				CLANG_WARN_CONSTANT_CONVERSION = YES;
				CLANG_WARN_DEPRECATED_OBJC_IMPLEMENTATIONS = YES;
				CLANG_WARN_DIRECT_OBJC_ISA_USAGE = YES_ERROR;
				CLANG_WARN_DOCUMENTATION_COMMENTS = YES;
				CLANG_WARN_EMPTY_BODY = YES;
				CLANG_WARN_ENUM_CONVERSION = YES;
				CLANG_WARN_INFINITE_RECURSION = YES;
				CLANG_WARN_INT_CONVERSION = YES;
				CLANG_WARN_NON_LITERAL_NULL_CONVERSION = YES;
				CLANG_WARN_OBJC_IMPLICIT_RETAIN_SELF = YES;
				CLANG_WARN_OBJC_LITERAL_CONVERSION = YES;
				CLANG_WARN_OBJC_ROOT_CLASS = YES_ERROR;
				CLANG_WARN_QUOTED_INCLUDE_IN_FRAMEWORK_HEADER = YES;
				CLANG_WARN_RANGE_LOOP_ANALYSIS = YES;
				CLANG_WARN_STRICT_PROTOTYPES = YES;
				CLANG_WARN_SUSPICIOUS_MOVE = YES;
				CLANG_WARN_UNGUARDED_AVAILABILITY = YES_AGGRESSIVE;
				CLANG_WARN_UNREACHABLE_CODE = YES;
				CLANG_WARN__DUPLICATE_METHOD_MATCH = YES;
				COPY_PHASE_STRIP = NO;
				DEBUG_INFORMATION_FORMAT = "dwarf-with-dsym";
				ENABLE_NS_ASSERTIONS = NO;
				ENABLE_STRICT_OBJC_MSGSEND = YES;
				GCC_C_LANGUAGE_STANDARD = gnu11;
				GCC_NO_COMMON_BLOCKS = YES;
				GCC_WARN_64_TO_32_BIT_CONVERSION = YES;
				GCC_WARN_ABOUT_RETURN_TYPE = YES_ERROR;
				GCC_WARN_UNDECLARED_SELECTOR = YES;
				GCC_WARN_UNINITIALIZED_AUTOS = YES_AGGRESSIVE;
				GCC_WARN_UNUSED_FUNCTION = YES;
				GCC_WARN_UNUSED_VARIABLE = YES;
				IPHONEOS_DEPLOYMENT_TARGET = 14.2;
				MTL_ENABLE_DEBUG_INFO = NO;
				MTL_FAST_MATH = YES;
				SDKROOT = iphoneos;
				SWIFT_COMPILATION_MODE = wholemodule;
				SWIFT_OPTIMIZATION_LEVEL = "-O";
				VALIDATE_PRODUCT = YES;
			};
			name = Release;
		};
		374A674C25791BAB00F56C72 /* Debug */ = {
			isa = XCBuildConfiguration;
			buildSettings = {
				ASSETCATALOG_COMPILER_APPICON_NAME = AppIcon;
				ASSETCATALOG_COMPILER_GLOBAL_ACCENT_COLOR_NAME = AccentColor;
				CODE_SIGN_STYLE = Automatic;
				CURRENT_PROJECT_VERSION = 5;
				DEVELOPMENT_ASSET_PATHS = "\"FlipTimer/Preview Content\"";
				DEVELOPMENT_TEAM = Z9SY9LHRWJ;
				ENABLE_PREVIEWS = YES;
				INFOPLIST_FILE = FlipTimer/Info.plist;
				IPHONEOS_DEPLOYMENT_TARGET = 14.0;
				LD_RUNPATH_SEARCH_PATHS = (
					"$(inherited)",
					"@executable_path/Frameworks",
				);
				MARKETING_VERSION = 1.3;
				PRODUCT_BUNDLE_IDENTIFIER = io.dankim.FlipTimer;
				PRODUCT_NAME = "$(TARGET_NAME)";
				SWIFT_VERSION = 5.0;
				TARGETED_DEVICE_FAMILY = 1;
			};
			name = Debug;
		};
		374A674D25791BAB00F56C72 /* Release */ = {
			isa = XCBuildConfiguration;
			buildSettings = {
				ASSETCATALOG_COMPILER_APPICON_NAME = AppIcon;
				ASSETCATALOG_COMPILER_GLOBAL_ACCENT_COLOR_NAME = AccentColor;
				CODE_SIGN_STYLE = Automatic;
				CURRENT_PROJECT_VERSION = 5;
				DEVELOPMENT_ASSET_PATHS = "\"FlipTimer/Preview Content\"";
				DEVELOPMENT_TEAM = Z9SY9LHRWJ;
				ENABLE_PREVIEWS = YES;
				INFOPLIST_FILE = FlipTimer/Info.plist;
				IPHONEOS_DEPLOYMENT_TARGET = 14.0;
				LD_RUNPATH_SEARCH_PATHS = (
					"$(inherited)",
					"@executable_path/Frameworks",
				);
				MARKETING_VERSION = 1.3;
				PRODUCT_BUNDLE_IDENTIFIER = io.dankim.FlipTimer;
				PRODUCT_NAME = "$(TARGET_NAME)";
				SWIFT_VERSION = 5.0;
				TARGETED_DEVICE_FAMILY = 1;
			};
			name = Release;
		};
/* End XCBuildConfiguration section */

/* Begin XCConfigurationList section */
		374A673725791BAA00F56C72 /* Build configuration list for PBXProject "FlipTimer" */ = {
			isa = XCConfigurationList;
			buildConfigurations = (
				374A674925791BAB00F56C72 /* Debug */,
				374A674A25791BAB00F56C72 /* Release */,
			);
			defaultConfigurationIsVisible = 0;
			defaultConfigurationName = Release;
		};
		374A674B25791BAB00F56C72 /* Build configuration list for PBXNativeTarget "FlipTimer" */ = {
			isa = XCConfigurationList;
			buildConfigurations = (
				374A674C25791BAB00F56C72 /* Debug */,
				374A674D25791BAB00F56C72 /* Release */,
			);
			defaultConfigurationIsVisible = 0;
			defaultConfigurationName = Release;
		};
/* End XCConfigurationList section */
	};
	rootObject = 374A673425791BAA00F56C72 /* Project object */;
}
